
Microsoft Visual Studio Solution File, Format Version 12.00
# Visual Studio 2013
VisualStudioVersion = 12.0.31101.0
MinimumVisualStudioVersion = 10.0.40219.1
#Project("{FAE04EC0-301F-11D3-BF4B-00C04F79EFBC}") = "CommentSharedPlaylist", "CommentSharedPlaylist\CommentSharedPlaylist.csproj", "{CA3BB7C4-2766-478F-867D-9649FB8DE7E3}"
#EndProject
Project("{FAE04EC0-301F-11D3-BF4B-00C04F79EFBC}") = "SpotifyAPI", "SpotifyAPI\SpotifyAPI.Linux.csproj", "{EBBE35E2-7B91-4D7D-B8FC-3A0472F5119D}"
EndProject
Project("{FAE04EC0-301F-11D3-BF4B-00C04F79EFBC}") = "SharedPlaylist.Core", "SharedPlaylist.Core\SharedPlaylist.Core.Linux.csproj", "{823700CB-0072-46D9-9465-BAD2506D7C5A}"
EndProject
#Project("{FAE04EC0-301F-11D3-BF4B-00C04F79EFBC}") = "SharedPlaylistApi", "SharedPlaylistApi\SharedPlaylistApi.csproj", "{C9B9EE1D-1162-4A02-B577-182B462C9FBD}"
#EndProject
Project("{FAE04EC0-301F-11D3-BF4B-00C04F79EFBC}") = "SharedPlaylist.Models", "SharedPlaylist.Models\SharedPlaylist.Models.Linux.csproj", "{55DBF02E-C5BE-46C1-90C0-6289D0110225}"
EndProject
Global
	GlobalSection(SolutionConfigurationPlatforms) = preSolution
		Debug|Any CPU = Debug|Any CPU
		Debug|iOs-armv6 = Debug|iOs-armv6
		Debug|iOs-armv7 = Debug|iOs-armv7
		Debug|iOs-x86 = Debug|iOs-x86
		Debug|Linux-armv5 = Debug|Linux-armv5
		Debug|Linux-armv6 = Debug|Linux-armv6
		Debug|Linux-armv7 = Debug|Linux-armv7
		Debug|Linux-x64 = Debug|Linux-x64
		Debug|Linux-x86 = Debug|Linux-x86
		Debug|Mac-x64 = Debug|Mac-x64
		Debug|Mac-x86 = Debug|Mac-x86
		Debug|Mixed Platforms = Debug|Mixed Platforms
		Debug|Windows-x86 = Debug|Windows-x86
		Release|Any CPU = Release|Any CPU
		Release|iOs-armv6 = Release|iOs-armv6
		Release|iOs-armv7 = Release|iOs-armv7
		Release|iOs-x86 = Release|iOs-x86
		Release|Linux-armv5 = Release|Linux-armv5
		Release|Linux-armv6 = Release|Linux-armv6
		Release|Linux-armv7 = Release|Linux-armv7
		Release|Linux-x64 = Release|Linux-x64
		Release|Linux-x86 = Release|Linux-x86
		Release|Mac-x64 = Release|Mac-x64
		Release|Mac-x86 = Release|Mac-x86
		Release|Mixed Platforms = Release|Mixed Platforms
		Release|Windows-x86 = Release|Windows-x86
	EndGlobalSection
	GlobalSection(ProjectConfigurationPlatforms) = postSolution
		{CA3BB7C4-2766-478F-867D-9649FB8DE7E3}.Debug|Any CPU.ActiveCfg = Debug|Any CPU
		{CA3BB7C4-2766-478F-867D-9649FB8DE7E3}.Debug|Any CPU.Build.0 = Debug|Any CPU
		{CA3BB7C4-2766-478F-867D-9649FB8DE7E3}.Debug|iOs-armv6.ActiveCfg = Debug|Any CPU
		{CA3BB7C4-2766-478F-867D-9649FB8DE7E3}.Debug|iOs-armv7.ActiveCfg = Debug|Any CPU
		{CA3BB7C4-2766-478F-867D-9649FB8DE7E3}.Debug|iOs-x86.ActiveCfg = Debug|Any CPU
		{CA3BB7C4-2766-478F-867D-9649FB8DE7E3}.Debug|Linux-armv5.ActiveCfg = Debug|Any CPU
		{CA3BB7C4-2766-478F-867D-9649FB8DE7E3}.Debug|Linux-armv6.ActiveCfg = Debug|Any CPU
		{CA3BB7C4-2766-478F-867D-9649FB8DE7E3}.Debug|Linux-armv7.ActiveCfg = Debug|Any CPU
		{CA3BB7C4-2766-478F-867D-9649FB8DE7E3}.Debug|Linux-x64.ActiveCfg = Debug|Any CPU
		{CA3BB7C4-2766-478F-867D-9649FB8DE7E3}.Debug|Linux-x86.ActiveCfg = Debug|Any CPU
		{CA3BB7C4-2766-478F-867D-9649FB8DE7E3}.Debug|Mac-x64.ActiveCfg = Debug|Any CPU
		{CA3BB7C4-2766-478F-867D-9649FB8DE7E3}.Debug|Mac-x86.ActiveCfg = Debug|Any CPU
		{CA3BB7C4-2766-478F-867D-9649FB8DE7E3}.Debug|Mixed Platforms.ActiveCfg = Debug|Any CPU
		{CA3BB7C4-2766-478F-867D-9649FB8DE7E3}.Debug|Mixed Platforms.Build.0 = Debug|Any CPU
		{CA3BB7C4-2766-478F-867D-9649FB8DE7E3}.Debug|Windows-x86.ActiveCfg = Debug|Any CPU
		{CA3BB7C4-2766-478F-867D-9649FB8DE7E3}.Release|Any CPU.ActiveCfg = Release|Any CPU
		{CA3BB7C4-2766-478F-867D-9649FB8DE7E3}.Release|Any CPU.Build.0 = Release|Any CPU
		{CA3BB7C4-2766-478F-867D-9649FB8DE7E3}.Release|iOs-armv6.ActiveCfg = Release|Any CPU
		{CA3BB7C4-2766-478F-867D-9649FB8DE7E3}.Release|iOs-armv7.ActiveCfg = Release|Any CPU
		{CA3BB7C4-2766-478F-867D-9649FB8DE7E3}.Release|iOs-x86.ActiveCfg = Release|Any CPU
		{CA3BB7C4-2766-478F-867D-9649FB8DE7E3}.Release|Linux-armv5.ActiveCfg = Release|Any CPU
		{CA3BB7C4-2766-478F-867D-9649FB8DE7E3}.Release|Linux-armv6.ActiveCfg = Release|Any CPU
		{CA3BB7C4-2766-478F-867D-9649FB8DE7E3}.Release|Linux-armv7.ActiveCfg = Release|Any CPU
		{CA3BB7C4-2766-478F-867D-9649FB8DE7E3}.Release|Linux-x64.ActiveCfg = Release|Any CPU
		{CA3BB7C4-2766-478F-867D-9649FB8DE7E3}.Release|Linux-x86.ActiveCfg = Release|Any CPU
		{CA3BB7C4-2766-478F-867D-9649FB8DE7E3}.Release|Mac-x64.ActiveCfg = Release|Any CPU
		{CA3BB7C4-2766-478F-867D-9649FB8DE7E3}.Release|Mac-x86.ActiveCfg = Release|Any CPU
		{CA3BB7C4-2766-478F-867D-9649FB8DE7E3}.Release|Mixed Platforms.ActiveCfg = Release|Any CPU
		{CA3BB7C4-2766-478F-867D-9649FB8DE7E3}.Release|Mixed Platforms.Build.0 = Release|Any CPU
		{CA3BB7C4-2766-478F-867D-9649FB8DE7E3}.Release|Windows-x86.ActiveCfg = Release|Any CPU
		{EBBE35E2-7B91-4D7D-B8FC-3A0472F5119D}.Debug|Any CPU.ActiveCfg = Debug|Any CPU
		{EBBE35E2-7B91-4D7D-B8FC-3A0472F5119D}.Debug|Any CPU.Build.0 = Debug|Any CPU
		{EBBE35E2-7B91-4D7D-B8FC-3A0472F5119D}.Debug|iOs-armv6.ActiveCfg = Debug|Any CPU
		{EBBE35E2-7B91-4D7D-B8FC-3A0472F5119D}.Debug|iOs-armv7.ActiveCfg = Debug|Any CPU
		{EBBE35E2-7B91-4D7D-B8FC-3A0472F5119D}.Debug|iOs-x86.ActiveCfg = Debug|Any CPU
		{EBBE35E2-7B91-4D7D-B8FC-3A0472F5119D}.Debug|Linux-armv5.ActiveCfg = Debug|Any CPU
		{EBBE35E2-7B91-4D7D-B8FC-3A0472F5119D}.Debug|Linux-armv6.ActiveCfg = Debug|Any CPU
		{EBBE35E2-7B91-4D7D-B8FC-3A0472F5119D}.Debug|Linux-armv7.ActiveCfg = Debug|Any CPU
		{EBBE35E2-7B91-4D7D-B8FC-3A0472F5119D}.Debug|Linux-x64.ActiveCfg = Debug|Any CPU
		{EBBE35E2-7B91-4D7D-B8FC-3A0472F5119D}.Debug|Linux-x86.ActiveCfg = Debug|Any CPU
		{EBBE35E2-7B91-4D7D-B8FC-3A0472F5119D}.Debug|Mac-x64.ActiveCfg = Debug|Any CPU
		{EBBE35E2-7B91-4D7D-B8FC-3A0472F5119D}.Debug|Mac-x86.ActiveCfg = Debug|Any CPU
		{EBBE35E2-7B91-4D7D-B8FC-3A0472F5119D}.Debug|Mixed Platforms.ActiveCfg = Debug|Any CPU
		{EBBE35E2-7B91-4D7D-B8FC-3A0472F5119D}.Debug|Mixed Platforms.Build.0 = Debug|Any CPU
		{EBBE35E2-7B91-4D7D-B8FC-3A0472F5119D}.Debug|Windows-x86.ActiveCfg = Debug|Any CPU
		{EBBE35E2-7B91-4D7D-B8FC-3A0472F5119D}.Release|Any CPU.ActiveCfg = Release|Any CPU
		{EBBE35E2-7B91-4D7D-B8FC-3A0472F5119D}.Release|Any CPU.Build.0 = Release|Any CPU
		{EBBE35E2-7B91-4D7D-B8FC-3A0472F5119D}.Release|iOs-armv6.ActiveCfg = Release|Any CPU
		{EBBE35E2-7B91-4D7D-B8FC-3A0472F5119D}.Release|iOs-armv7.ActiveCfg = Release|Any CPU
		{EBBE35E2-7B91-4D7D-B8FC-3A0472F5119D}.Release|iOs-x86.ActiveCfg = Release|Any CPU
		{EBBE35E2-7B91-4D7D-B8FC-3A0472F5119D}.Release|Linux-armv5.ActiveCfg = Release|Any CPU
		{EBBE35E2-7B91-4D7D-B8FC-3A0472F5119D}.Release|Linux-armv6.ActiveCfg = Release|Any CPU
		{EBBE35E2-7B91-4D7D-B8FC-3A0472F5119D}.Release|Linux-armv7.ActiveCfg = Release|Any CPU
		{EBBE35E2-7B91-4D7D-B8FC-3A0472F5119D}.Release|Linux-x64.ActiveCfg = Release|Any CPU
		{EBBE35E2-7B91-4D7D-B8FC-3A0472F5119D}.Release|Linux-x86.ActiveCfg = Release|Any CPU
		{EBBE35E2-7B91-4D7D-B8FC-3A0472F5119D}.Release|Mac-x64.ActiveCfg = Release|Any CPU
		{EBBE35E2-7B91-4D7D-B8FC-3A0472F5119D}.Release|Mac-x86.ActiveCfg = Release|Any CPU
		{EBBE35E2-7B91-4D7D-B8FC-3A0472F5119D}.Release|Mixed Platforms.ActiveCfg = Release|Any CPU
		{EBBE35E2-7B91-4D7D-B8FC-3A0472F5119D}.Release|Mixed Platforms.Build.0 = Release|Any CPU
		{EBBE35E2-7B91-4D7D-B8FC-3A0472F5119D}.Release|Windows-x86.ActiveCfg = Release|Any CPU
		{823700CB-0072-46D9-9465-BAD2506D7C5A}.Debug|Any CPU.ActiveCfg = Debug|Any CPU
		{823700CB-0072-46D9-9465-BAD2506D7C5A}.Debug|Any CPU.Build.0 = Debug|Any CPU
		{823700CB-0072-46D9-9465-BAD2506D7C5A}.Debug|iOs-armv6.ActiveCfg = Debug|Any CPU
		{823700CB-0072-46D9-9465-BAD2506D7C5A}.Debug|iOs-armv7.ActiveCfg = Debug|Any CPU
		{823700CB-0072-46D9-9465-BAD2506D7C5A}.Debug|iOs-x86.ActiveCfg = Debug|Any CPU
		{823700CB-0072-46D9-9465-BAD2506D7C5A}.Debug|Linux-armv5.ActiveCfg = Debug|Any CPU
		{823700CB-0072-46D9-9465-BAD2506D7C5A}.Debug|Linux-armv6.ActiveCfg = Debug|Any CPU
		{823700CB-0072-46D9-9465-BAD2506D7C5A}.Debug|Linux-armv7.ActiveCfg = Debug|Any CPU
		{823700CB-0072-46D9-9465-BAD2506D7C5A}.Debug|Linux-x64.ActiveCfg = Debug|Any CPU
		{823700CB-0072-46D9-9465-BAD2506D7C5A}.Debug|Linux-x86.ActiveCfg = Debug|Any CPU
		{823700CB-0072-46D9-9465-BAD2506D7C5A}.Debug|Mac-x64.ActiveCfg = Debug|Any CPU
		{823700CB-0072-46D9-9465-BAD2506D7C5A}.Debug|Mac-x86.ActiveCfg = Debug|Any CPU
		{823700CB-0072-46D9-9465-BAD2506D7C5A}.Debug|Mixed Platforms.ActiveCfg = Debug|Any CPU
		{823700CB-0072-46D9-9465-BAD2506D7C5A}.Debug|Mixed Platforms.Build.0 = Debug|Any CPU
		{823700CB-0072-46D9-9465-BAD2506D7C5A}.Debug|Windows-x86.ActiveCfg = Debug|Any CPU
		{823700CB-0072-46D9-9465-BAD2506D7C5A}.Release|Any CPU.ActiveCfg = Release|Any CPU
		{823700CB-0072-46D9-9465-BAD2506D7C5A}.Release|Any CPU.Build.0 = Release|Any CPU
		{823700CB-0072-46D9-9465-BAD2506D7C5A}.Release|iOs-armv6.ActiveCfg = Release|Any CPU
		{823700CB-0072-46D9-9465-BAD2506D7C5A}.Release|iOs-armv7.ActiveCfg = Release|Any CPU
		{823700CB-0072-46D9-9465-BAD2506D7C5A}.Release|iOs-x86.ActiveCfg = Release|Any CPU
		{823700CB-0072-46D9-9465-BAD2506D7C5A}.Release|Linux-armv5.ActiveCfg = Release|Any CPU
		{823700CB-0072-46D9-9465-BAD2506D7C5A}.Release|Linux-armv6.ActiveCfg = Release|Any CPU
		{823700CB-0072-46D9-9465-BAD2506D7C5A}.Release|Linux-armv7.ActiveCfg = Release|Any CPU
		{823700CB-0072-46D9-9465-BAD2506D7C5A}.Release|Linux-x64.ActiveCfg = Release|Any CPU
		{823700CB-0072-46D9-9465-BAD2506D7C5A}.Release|Linux-x86.ActiveCfg = Release|Any CPU
		{823700CB-0072-46D9-9465-BAD2506D7C5A}.Release|Mac-x64.ActiveCfg = Release|Any CPU
		{823700CB-0072-46D9-9465-BAD2506D7C5A}.Release|Mac-x86.ActiveCfg = Release|Any CPU
		{823700CB-0072-46D9-9465-BAD2506D7C5A}.Release|Mixed Platforms.ActiveCfg = Release|Any CPU
		{823700CB-0072-46D9-9465-BAD2506D7C5A}.Release|Mixed Platforms.Build.0 = Release|Any CPU
		{823700CB-0072-46D9-9465-BAD2506D7C5A}.Release|Windows-x86.ActiveCfg = Release|Any CPU
		{C9B9EE1D-1162-4A02-B577-182B462C9FBD}.Debug|Any CPU.ActiveCfg = Debug|Any CPU
		{C9B9EE1D-1162-4A02-B577-182B462C9FBD}.Debug|Any CPU.Build.0 = Debug|Any CPU
		{C9B9EE1D-1162-4A02-B577-182B462C9FBD}.Debug|iOs-armv6.ActiveCfg = Debug|Any CPU
		{C9B9EE1D-1162-4A02-B577-182B462C9FBD}.Debug|iOs-armv7.ActiveCfg = Debug|Any CPU
		{C9B9EE1D-1162-4A02-B577-182B462C9FBD}.Debug|iOs-x86.ActiveCfg = Debug|Any CPU
		{C9B9EE1D-1162-4A02-B577-182B462C9FBD}.Debug|Linux-armv5.ActiveCfg = Debug|Any CPU
		{C9B9EE1D-1162-4A02-B577-182B462C9FBD}.Debug|Linux-armv6.ActiveCfg = Debug|Any CPU
		{C9B9EE1D-1162-4A02-B577-182B462C9FBD}.Debug|Linux-armv7.ActiveCfg = Debug|Any CPU
		{C9B9EE1D-1162-4A02-B577-182B462C9FBD}.Debug|Linux-x64.ActiveCfg = Debug|Any CPU
		{C9B9EE1D-1162-4A02-B577-182B462C9FBD}.Debug|Linux-x86.ActiveCfg = Debug|Any CPU
		{C9B9EE1D-1162-4A02-B577-182B462C9FBD}.Debug|Mac-x64.ActiveCfg = Debug|Any CPU
		{C9B9EE1D-1162-4A02-B577-182B462C9FBD}.Debug|Mac-x86.ActiveCfg = Debug|Any CPU
		{C9B9EE1D-1162-4A02-B577-182B462C9FBD}.Debug|Mixed Platforms.ActiveCfg = Debug|Any CPU
		{C9B9EE1D-1162-4A02-B577-182B462C9FBD}.Debug|Mixed Platforms.Build.0 = Debug|Any CPU
		{C9B9EE1D-1162-4A02-B577-182B462C9FBD}.Debug|Windows-x86.ActiveCfg = Debug|Any CPU
		{C9B9EE1D-1162-4A02-B577-182B462C9FBD}.Release|Any CPU.ActiveCfg = Release|Any CPU
		{C9B9EE1D-1162-4A02-B577-182B462C9FBD}.Release|Any CPU.Build.0 = Release|Any CPU
		{C9B9EE1D-1162-4A02-B577-182B462C9FBD}.Release|iOs-armv6.ActiveCfg = Release|Any CPU
		{C9B9EE1D-1162-4A02-B577-182B462C9FBD}.Release|iOs-armv7.ActiveCfg = Release|Any CPU
		{C9B9EE1D-1162-4A02-B577-182B462C9FBD}.Release|iOs-x86.ActiveCfg = Release|Any CPU
		{C9B9EE1D-1162-4A02-B577-182B462C9FBD}.Release|Linux-armv5.ActiveCfg = Release|Any CPU
		{C9B9EE1D-1162-4A02-B577-182B462C9FBD}.Release|Linux-armv6.ActiveCfg = Release|Any CPU
		{C9B9EE1D-1162-4A02-B577-182B462C9FBD}.Release|Linux-armv7.ActiveCfg = Release|Any CPU
		{C9B9EE1D-1162-4A02-B577-182B462C9FBD}.Release|Linux-x64.ActiveCfg = Release|Any CPU
		{C9B9EE1D-1162-4A02-B577-182B462C9FBD}.Release|Linux-x86.ActiveCfg = Release|Any CPU
		{C9B9EE1D-1162-4A02-B577-182B462C9FBD}.Release|Mac-x64.ActiveCfg = Release|Any CPU
		{C9B9EE1D-1162-4A02-B577-182B462C9FBD}.Release|Mac-x86.ActiveCfg = Release|Any CPU
		{C9B9EE1D-1162-4A02-B577-182B462C9FBD}.Release|Mixed Platforms.ActiveCfg = Release|Any CPU
		{C9B9EE1D-1162-4A02-B577-182B462C9FBD}.Release|Mixed Platforms.Build.0 = Release|Any CPU
		{C9B9EE1D-1162-4A02-B577-182B462C9FBD}.Release|Windows-x86.ActiveCfg = Release|Any CPU
		{55DBF02E-C5BE-46C1-90C0-6289D0110225}.Debug|Any CPU.ActiveCfg = Debug|Any CPU
		{55DBF02E-C5BE-46C1-90C0-6289D0110225}.Debug|Any CPU.Build.0 = Debug|Any CPU
		{55DBF02E-C5BE-46C1-90C0-6289D0110225}.Debug|iOs-armv6.ActiveCfg = Debug|Any CPU
		{55DBF02E-C5BE-46C1-90C0-6289D0110225}.Debug|iOs-armv7.ActiveCfg = Debug|Any CPU
		{55DBF02E-C5BE-46C1-90C0-6289D0110225}.Debug|iOs-x86.ActiveCfg = Debug|Any CPU
		{55DBF02E-C5BE-46C1-90C0-6289D0110225}.Debug|Linux-armv5.ActiveCfg = Debug|Any CPU
		{55DBF02E-C5BE-46C1-90C0-6289D0110225}.Debug|Linux-armv6.ActiveCfg = Debug|Any CPU
		{55DBF02E-C5BE-46C1-90C0-6289D0110225}.Debug|Linux-armv7.ActiveCfg = Debug|Any CPU
		{55DBF02E-C5BE-46C1-90C0-6289D0110225}.Debug|Linux-x64.ActiveCfg = Debug|Any CPU
		{55DBF02E-C5BE-46C1-90C0-6289D0110225}.Debug|Linux-x86.ActiveCfg = Debug|Any CPU
		{55DBF02E-C5BE-46C1-90C0-6289D0110225}.Debug|Mac-x64.ActiveCfg = Debug|Any CPU
		{55DBF02E-C5BE-46C1-90C0-6289D0110225}.Debug|Mac-x86.ActiveCfg = Debug|Any CPU
		{55DBF02E-C5BE-46C1-90C0-6289D0110225}.Debug|Mixed Platforms.ActiveCfg = Debug|Any CPU
		{55DBF02E-C5BE-46C1-90C0-6289D0110225}.Debug|Mixed Platforms.Build.0 = Debug|Any CPU
		{55DBF02E-C5BE-46C1-90C0-6289D0110225}.Debug|Windows-x86.ActiveCfg = Debug|Any CPU
		{55DBF02E-C5BE-46C1-90C0-6289D0110225}.Release|Any CPU.ActiveCfg = Release|Any CPU
		{55DBF02E-C5BE-46C1-90C0-6289D0110225}.Release|Any CPU.Build.0 = Release|Any CPU
		{55DBF02E-C5BE-46C1-90C0-6289D0110225}.Release|iOs-armv6.ActiveCfg = Release|Any CPU
		{55DBF02E-C5BE-46C1-90C0-6289D0110225}.Release|iOs-armv7.ActiveCfg = Release|Any CPU
		{55DBF02E-C5BE-46C1-90C0-6289D0110225}.Release|iOs-x86.ActiveCfg = Release|Any CPU
		{55DBF02E-C5BE-46C1-90C0-6289D0110225}.Release|Linux-armv5.ActiveCfg = Release|Any CPU
		{55DBF02E-C5BE-46C1-90C0-6289D0110225}.Release|Linux-armv6.ActiveCfg = Release|Any CPU
		{55DBF02E-C5BE-46C1-90C0-6289D0110225}.Release|Linux-armv7.ActiveCfg = Release|Any CPU
		{55DBF02E-C5BE-46C1-90C0-6289D0110225}.Release|Linux-x64.ActiveCfg = Release|Any CPU
		{55DBF02E-C5BE-46C1-90C0-6289D0110225}.Release|Linux-x86.ActiveCfg = Release|Any CPU
		{55DBF02E-C5BE-46C1-90C0-6289D0110225}.Release|Mac-x64.ActiveCfg = Release|Any CPU
		{55DBF02E-C5BE-46C1-90C0-6289D0110225}.Release|Mac-x86.ActiveCfg = Release|Any CPU
		{55DBF02E-C5BE-46C1-90C0-6289D0110225}.Release|Mixed Platforms.ActiveCfg = Release|Any CPU
		{55DBF02E-C5BE-46C1-90C0-6289D0110225}.Release|Mixed Platforms.Build.0 = Release|Any CPU
		{55DBF02E-C5BE-46C1-90C0-6289D0110225}.Release|Windows-x86.ActiveCfg = Release|Any CPU
	EndGlobalSection
	GlobalSection(SolutionProperties) = preSolution
		HideSolutionNode = FALSE
	EndGlobalSection
EndGlobal
